Microsoft Visual Studio Solution File, Format Version 7.00
Project("{F184B08F-C81C-45F6-A57F-5ABD9991F28F}") = "MedscreenLib", "MedscreenLib.vbproj", "{DB82E0F5-6BC1-46E8-9F35-349413C76F92}"
EndProject
Global
	GlobalSection(SourceCodeControl) = preSolution
		SccNumberOfProjects = 1
		SccProjectUniqueName0 = MedscreenLib.vbproj
		SccProjectName0 = BookingControl
		SccLocalPath0 = ..
		SccProvider0 = MSSCCI:ComponentSoftware\u0020RCS
		CanCheckoutShared = true
		SccProjectFilePathRelativizedFromConnection0 = MedscreenLib\\
	EndGlobalSection
	GlobalSection(SolutionConfiguration) = preSolution
		ConfigName.0 = Debug
		ConfigName.1 = Release
	EndGlobalSection
	GlobalSection(ProjectDependencies) = postSolution
	EndGlobalSection
	GlobalSection(ProjectConfiguration) = postSolution
		{DB82E0F5-6BC1-46E8-9F35-349413C76F92}.Debug.ActiveCfg = Debug|.NET
		{DB82E0F5-6BC1-46E8-9F35-349413C76F92}.Debug.Build.0 = Debug|.NET
		{DB82E0F5-6BC1-46E8-9F35-349413C76F92}.Release.ActiveCfg = Release|.NET
		{DB82E0F5-6BC1-46E8-9F35-349413C76F92}.Release.Build.0 = Release|.NET
	EndGlobalSection
	GlobalSection(ExtensibilityGlobals) = postSolution
	EndGlobalSection
	GlobalSection(ExtensibilityAddIns) = postSolution
	EndGlobalSection
EndGlobal
